
Microsoft Visual Studio Solution File, Format Version 12.00
# Visual Studio Version 16
VisualStudioVersion = 16.0.31515.178
MinimumVisualStudioVersion = 10.0.40219.1
Project("{FAE04EC0-301F-11D3-BF4B-00C04F79EFBC}") = "CircodeApps3", "CircodeApps3\CircodeApps3.csproj", "{DAC73FE1-4B6E-47F0-8352-7890515C2666}"
EndProject
Global
	GlobalSection(SolutionConfigurationPlatforms) = preSolution
		Debug|Any CPU = Debug|Any CPU
		Release|Any CPU = Release|Any CPU
	EndGlobalSection
	GlobalSection(ProjectConfigurationPlatforms) = postSolution
		{DAC73FE1-4B6E-47F0-8352-7890515C2666}.Debug|Any CPU.ActiveCfg = Debug|Any CPU
		{DAC73FE1-4B6E-47F0-8352-7890515C2666}.Debug|Any CPU.Build.0 = Debug|Any CPU
		{DAC73FE1-4B6E-47F0-8352-7890515C2666}.Release|Any CPU.ActiveCfg = Release|Any CPU
		{DAC73FE1-4B6E-47F0-8352-7890515C2666}.Release|Any CPU.Build.0 = Release|Any CPU
	EndGlobalSection
	GlobalSection(SolutionProperties) = preSolution
		HideSolutionNode = FALSE
	EndGlobalSection
	GlobalSection(ExtensibilityGlobals) = postSolution
		SolutionGuid = {3272F0BA-693D-45C0-8861-ABBDB44E5E8E}
	EndGlobalSection
EndGlobal
